github.com/google/uuid v1.3.0 h1:t6JiXgmwXMjEs8VusXIJk2BXHsn+wx8BZdTaoZ5fu7I=
github.com/google/uuid v1.3.0/go.mod h1:TIyPZe4MgqvfeYDBFedMoGGpEw/LqOeaOT+nhxU+yHo=
github.com/jaytaylor/go-hostsfile v0.0.0-20220426042432-61485ac1fa6c h1:kbTQ8oGf+BVFvt/fM+ECI+NbZDCqoi0vtZTfB2p2hrI=
github.com/jaytaylor/go-hostsfile v0.0.0-20220426042432-61485ac1fa6c/go.mod h1:k6+89xKz7BSMJ+DzIerBdtpEUeTlBMugO/hcVSzahog=
